{
  "nodes": {
    "hyprshot": {
      "inputs": {
        "nixpkgs": [
          "nixpkgs"
        ]
      },
      "locked": {
        "lastModified": 1691907666,
        "narHash": "sha256-Ipb9mmA7KqVU+rSJEKbjJK6ynXl/TZh4deB52citJSM=",
        "owner": "mateusauler",
        "repo": "hyprshot-nix",
        "rev": "14fb646531dc0f3a264816e2300f24db4f3e7bcf",
        "type": "github"
      },
      "original": {
        "owner": "mateusauler",
        "repo": "hyprshot-nix",
        "type": "github"
      }
    },
    "nixpkgs": {
      "locked": {
        "lastModified": 1691654369,
        "narHash": "sha256-gSILTEx1jRaJjwZxRlnu3ZwMn1FVNk80qlwiCX8kmpo=",
        "owner": "nixos",
        "repo": "nixpkgs",
        "rev": "ce5e4a6ef2e59d89a971bc434ca8ca222b9c7f5e",
        "type": "github"
      },
      "original": {
        "owner": "nixos",
        "ref": "nixos-unstable",
        "repo": "nixpkgs",
        "type": "github"
      }
    },
    "root": {
      "inputs": {
        "hyprshot": "hyprshot",
        "nixpkgs": "nixpkgs"
      }
    }
  },
  "root": "root",
  "version": 7
}
